
Microsoft Visual Studio Solution File, Format Version 12.00
# Visual Studio Version 17
VisualStudioVersion = 17.0.32002.185
MinimumVisualStudioVersion = 10.0.40219.1
Project("{9A19103F-16F7-4668-BE54-9A1E7A4F7556}") = "PrototypeBankSystem.DAL", "PrototypeBankSystem.DAL\PrototypeBankSystem.DAL.csproj", "{9237FDE4-E9E1-412A-87AA-E093A4A48AFD}"
EndProject
Project("{9A19103F-16F7-4668-BE54-9A1E7A4F7556}") = "PrototypeBankSystem.BLL", "PrototypeBankSystem.BLL\PrototypeBankSystem.BLL.csproj", "{947E71C8-AC1F-40E5-9505-3048EF6F785C}"
EndProject
Project("{9A19103F-16F7-4668-BE54-9A1E7A4F7556}") = "PrototypeBankSystem.WPF", "PrototypeBankSystem.WPF\PrototypeBankSystem.WPF.csproj", "{BAB137A1-D131-4370-B895-C3950A8FD1D6}"
EndProject
Project("{9A19103F-16F7-4668-BE54-9A1E7A4F7556}") = "PrototypeBankSystem.API", "PrototypeBankSystem.API\PrototypeBankSystem.API.csproj", "{272CA3F8-98BE-473D-AADC-BB9334BFA4A0}"
EndProject
Global
	GlobalSection(SolutionConfigurationPlatforms) = preSolution
		Debug|Any CPU = Debug|Any CPU
		Release|Any CPU = Release|Any CPU
	EndGlobalSection
	GlobalSection(ProjectConfigurationPlatforms) = postSolution
		{9237FDE4-E9E1-412A-87AA-E093A4A48AFD}.Debug|Any CPU.ActiveCfg = Debug|Any CPU
		{9237FDE4-E9E1-412A-87AA-E093A4A48AFD}.Debug|Any CPU.Build.0 = Debug|Any CPU
		{9237FDE4-E9E1-412A-87AA-E093A4A48AFD}.Release|Any CPU.ActiveCfg = Release|Any CPU
		{9237FDE4-E9E1-412A-87AA-E093A4A48AFD}.Release|Any CPU.Build.0 = Release|Any CPU
		{947E71C8-AC1F-40E5-9505-3048EF6F785C}.Debug|Any CPU.ActiveCfg = Debug|Any CPU
		{947E71C8-AC1F-40E5-9505-3048EF6F785C}.Debug|Any CPU.Build.0 = Debug|Any CPU
		{947E71C8-AC1F-40E5-9505-3048EF6F785C}.Release|Any CPU.ActiveCfg = Release|Any CPU
		{947E71C8-AC1F-40E5-9505-3048EF6F785C}.Release|Any CPU.Build.0 = Release|Any CPU
		{BAB137A1-D131-4370-B895-C3950A8FD1D6}.Debug|Any CPU.ActiveCfg = Debug|Any CPU
		{BAB137A1-D131-4370-B895-C3950A8FD1D6}.Debug|Any CPU.Build.0 = Debug|Any CPU
		{BAB137A1-D131-4370-B895-C3950A8FD1D6}.Release|Any CPU.ActiveCfg = Release|Any CPU
		{BAB137A1-D131-4370-B895-C3950A8FD1D6}.Release|Any CPU.Build.0 = Release|Any CPU
		{272CA3F8-98BE-473D-AADC-BB9334BFA4A0}.Debug|Any CPU.ActiveCfg = Debug|Any CPU
		{272CA3F8-98BE-473D-AADC-BB9334BFA4A0}.Debug|Any CPU.Build.0 = Debug|Any CPU
		{272CA3F8-98BE-473D-AADC-BB9334BFA4A0}.Release|Any CPU.ActiveCfg = Release|Any CPU
		{272CA3F8-98BE-473D-AADC-BB9334BFA4A0}.Release|Any CPU.Build.0 = Release|Any CPU
	EndGlobalSection
	GlobalSection(SolutionProperties) = preSolution
		HideSolutionNode = FALSE
	EndGlobalSection
	GlobalSection(ExtensibilityGlobals) = postSolution
		SolutionGuid = {54F6FF56-2913-4621-9F78-07088EAC19CA}
	EndGlobalSection
EndGlobal
